
Microsoft Visual Studio Solution File, Format Version 12.00
# Visual Studio Version 17
VisualStudioVersion = 17.0.31903.59
MinimumVisualStudioVersion = 10.0.40219.1
Project("{2150E333-8FDC-42A3-9474-1A3956D46DE8}") = "src", "src", "{827E0CD3-B72D-47B6-A68D-7590B98EB39B}"
EndProject
Project("{2150E333-8FDC-42A3-9474-1A3956D46DE8}") = "BuildingBlocks", "BuildingBlocks", "{90298CBA-BD6F-3A0A-69D5-97CAD7B05E7E}"
EndProject
Project("{FAE04EC0-301F-11D3-BF4B-00C04F79EFBC}") = "BuildingBlocks.Application", "src\BuildingBlocks\BuildingBlocks.Application\BuildingBlocks.Application.csproj", "{FBCBFB16-281E-4934-B274-3A2A684744EA}"
EndProject
Project("{FAE04EC0-301F-11D3-BF4B-00C04F79EFBC}") = "BuildingBlocks.Domain", "src\BuildingBlocks\BuildingBlocks.Domain\BuildingBlocks.Domain.csproj", "{E6089152-9E21-42BC-A4E8-F992E5224757}"
EndProject
Project("{FAE04EC0-301F-11D3-BF4B-00C04F79EFBC}") = "BuildingBlocks.Infrastructure", "src\BuildingBlocks\BuildingBlocks.Infrastructure\BuildingBlocks.Infrastructure.csproj", "{8F6CFA2C-4F80-43BD-8942-DACC9086EEF4}"
EndProject
Project("{FAE04EC0-301F-11D3-BF4B-00C04F79EFBC}") = "BuildingBlocks.Presentation", "src\BuildingBlocks\BuildingBlocks.Presentation\BuildingBlocks.Presentation.csproj", "{9649D637-FEC8-4FA4-B21F-DED42BDEA688}"
EndProject
Project("{2150E333-8FDC-42A3-9474-1A3956D46DE8}") = "Modules", "Modules", "{EC447DCF-ABFA-6E24-52A5-D7FD48A5C558}"
EndProject
Project("{2150E333-8FDC-42A3-9474-1A3956D46DE8}") = "Cart", "Cart", "{4CB6940A-8DC2-EB53-204F-2C1D4B30062C}"
EndProject
Project("{FAE04EC0-301F-11D3-BF4B-00C04F79EFBC}") = "Cart.Application", "src\Modules\Cart\Cart.Application\Cart.Application.csproj", "{02CC7951-0CDC-4459-824B-76A5697CCE6F}"
EndProject
Project("{FAE04EC0-301F-11D3-BF4B-00C04F79EFBC}") = "Cart.Domain", "src\Modules\Cart\Cart.Domain\Cart.Domain.csproj", "{849001BB-F8EA-4DDF-B2A7-4E6F7EFBA2E4}"
EndProject
Project("{FAE04EC0-301F-11D3-BF4B-00C04F79EFBC}") = "Cart.Infrastructure", "src\Modules\Cart\Cart.Infrastructure\Cart.Infrastructure.csproj", "{B328C579-BF93-48A8-B45A-9780F8E6067A}"
EndProject
Project("{FAE04EC0-301F-11D3-BF4B-00C04F79EFBC}") = "Cart.Presentation", "src\Modules\Cart\Cart.Presentation\Cart.Presentation.csproj", "{B5BDEEEF-C175-425A-A47E-3B862F75C5A8}"
EndProject
Project("{2150E333-8FDC-42A3-9474-1A3956D46DE8}") = "Catalog", "Catalog", "{1E1EF545-4C18-AEE2-B997-7EF431518D3F}"
EndProject
Project("{FAE04EC0-301F-11D3-BF4B-00C04F79EFBC}") = "Catalog.Application", "src\Modules\Catalog\Catalog.Application\Catalog.Application.csproj", "{13348191-E755-41AA-AA2E-A30B543CA3DB}"
EndProject
Project("{FAE04EC0-301F-11D3-BF4B-00C04F79EFBC}") = "Catalog.Domain", "src\Modules\Catalog\Catalog.Domain\Catalog.Domain.csproj", "{0BE038BA-83B8-4EF9-8092-F857B8669AAD}"
EndProject
Project("{FAE04EC0-301F-11D3-BF4B-00C04F79EFBC}") = "Catalog.Infrastructure", "src\Modules\Catalog\Catalog.Infrastructure\Catalog.Infrastructure.csproj", "{49624970-2025-4EF8-BA0D-68D060992486}"
EndProject
Project("{FAE04EC0-301F-11D3-BF4B-00C04F79EFBC}") = "Catalog.Presentation", "src\Modules\Catalog\Catalog.Presentation\Catalog.Presentation.csproj", "{8EF62B52-4C31-48C4-93F3-2E2744363D1C}"
EndProject
Project("{2150E333-8FDC-42A3-9474-1A3956D46DE8}") = "Delivery", "Delivery", "{75CCF984-CC24-0CB6-2FE4-5CB2D9F94FE4}"
EndProject
Project("{FAE04EC0-301F-11D3-BF4B-00C04F79EFBC}") = "Delivery.Application", "src\Modules\Delivery\Delivery.Application\Delivery.Application.csproj", "{7EA1A046-0C9E-4E01-9D27-5483D6C52383}"
EndProject
Project("{FAE04EC0-301F-11D3-BF4B-00C04F79EFBC}") = "Delivery.Domain", "src\Modules\Delivery\Delivery.Domain\Delivery.Domain.csproj", "{D6C35DAF-F50D-4B9D-871C-0013D8147DD2}"
EndProject
Project("{FAE04EC0-301F-11D3-BF4B-00C04F79EFBC}") = "Delivery.Infrastructure", "src\Modules\Delivery\Delivery.Infrastructure\Delivery.Infrastructure.csproj", "{64A95D64-76BC-4AA5-80AF-E54F2C5F30D4}"
EndProject
Project("{FAE04EC0-301F-11D3-BF4B-00C04F79EFBC}") = "Delivery.Presentation", "src\Modules\Delivery\Delivery.Presentation\Delivery.Presentation.csproj", "{C9E5D850-3B7C-4F8D-859A-BC82AA7D7A1F}"
EndProject
Project("{2150E333-8FDC-42A3-9474-1A3956D46DE8}") = "Identity", "Identity", "{0EC62A1A-9858-3A60-8A0C-FC9AACFA2EC7}"
EndProject
Project("{FAE04EC0-301F-11D3-BF4B-00C04F79EFBC}") = "Identity.Application", "src\Modules\Identity\Identity.Application\Identity.Application.csproj", "{B15A1EFE-B8EC-4D1A-B612-480F7741B049}"
EndProject
Project("{FAE04EC0-301F-11D3-BF4B-00C04F79EFBC}") = "Identity.Domain", "src\Modules\Identity\Identity.Domain\Identity.Domain.csproj", "{8685FD16-4202-46EC-B344-8BEBCFD91753}"
EndProject
Project("{FAE04EC0-301F-11D3-BF4B-00C04F79EFBC}") = "Identity.Infrastructure", "src\Modules\Identity\Identity.Infrastructure\Identity.Infrastructure.csproj", "{C2DABDDF-EDCD-46F2-AC19-9E1994D817D2}"
EndProject
Project("{FAE04EC0-301F-11D3-BF4B-00C04F79EFBC}") = "Identity.Presentation", "src\Modules\Identity\Identity.Presentation\Identity.Presentation.csproj", "{513BBECD-4FF9-4C12-BCB6-2A57EC56CE3F}"
EndProject
Project("{2150E333-8FDC-42A3-9474-1A3956D46DE8}") = "Inventory", "Inventory", "{18C073E0-6CB1-4693-3636-BFEE619A6192}"
EndProject
Project("{FAE04EC0-301F-11D3-BF4B-00C04F79EFBC}") = "Inventory.Application", "src\Modules\Inventory\Inventory.Application\Inventory.Application.csproj", "{B79224E2-25D2-42E0-9038-BA2AD037714B}"
EndProject
Project("{FAE04EC0-301F-11D3-BF4B-00C04F79EFBC}") = "Inventory.Domain", "src\Modules\Inventory\Inventory.Domain\Inventory.Domain.csproj", "{16EB04C3-B1D7-4B02-932C-9CC352DC9E0D}"
EndProject
Project("{FAE04EC0-301F-11D3-BF4B-00C04F79EFBC}") = "Inventory.Infrastructure", "src\Modules\Inventory\Inventory.Infrastructure\Inventory.Infrastructure.csproj", "{A340FCEF-D5BB-490A-88A2-423AE8CDAD1F}"
EndProject
Project("{FAE04EC0-301F-11D3-BF4B-00C04F79EFBC}") = "Inventory.Presentation", "src\Modules\Inventory\Inventory.Presentation\Inventory.Presentation.csproj", "{FDEF2AFE-DA1A-43A2-A271-CC094CB55421}"
EndProject
Project("{2150E333-8FDC-42A3-9474-1A3956D46DE8}") = "Ordering", "Ordering", "{1652FDBE-FD70-10D2-8806-7EAA51A58284}"
EndProject
Project("{FAE04EC0-301F-11D3-BF4B-00C04F79EFBC}") = "Ordering.Application", "src\Modules\Ordering\Ordering.Application\Ordering.Application.csproj", "{23657864-D51A-4152-9822-E47634198130}"
EndProject
Project("{FAE04EC0-301F-11D3-BF4B-00C04F79EFBC}") = "Ordering.Domain", "src\Modules\Ordering\Ordering.Domain\Ordering.Domain.csproj", "{23F061F5-9990-4400-BFC2-CE5324EE053E}"
EndProject
Project("{FAE04EC0-301F-11D3-BF4B-00C04F79EFBC}") = "Ordering.Infrastructure", "src\Modules\Ordering\Ordering.Infrastructure\Ordering.Infrastructure.csproj", "{62EA45E3-84DB-4577-8A1B-4BA9EF52DE4C}"
EndProject
Project("{FAE04EC0-301F-11D3-BF4B-00C04F79EFBC}") = "Ordering.Presentation", "src\Modules\Ordering\Ordering.Presentation\Ordering.Presentation.csproj", "{3528224A-74E2-4A04-A546-7C805C083A6C}"
EndProject
Project("{2150E333-8FDC-42A3-9474-1A3956D46DE8}") = "Payment", "Payment", "{486050DE-C6A4-B1E8-2B12-E91E5BE99E3F}"
EndProject
Project("{FAE04EC0-301F-11D3-BF4B-00C04F79EFBC}") = "Payment.Application", "src\Modules\Payment\Payment.Application\Payment.Application.csproj", "{CBF74B3F-0CEF-43ED-937B-0E9D5DC7C3C1}"
EndProject
Project("{FAE04EC0-301F-11D3-BF4B-00C04F79EFBC}") = "Payment.Domain", "src\Modules\Payment\Payment.Domain\Payment.Domain.csproj", "{C374DEF3-A511-48FA-AB39-4EFD55D7A049}"
EndProject
Project("{FAE04EC0-301F-11D3-BF4B-00C04F79EFBC}") = "Payment.Infrastructure", "src\Modules\Payment\Payment.Infrastructure\Payment.Infrastructure.csproj", "{9D5FC4D5-AE92-4505-8B6A-DB350969201B}"
EndProject
Project("{FAE04EC0-301F-11D3-BF4B-00C04F79EFBC}") = "Payment.Presentation", "src\Modules\Payment\Payment.Presentation\Payment.Presentation.csproj", "{F2520B14-79EF-41E2-BE2A-E6A474A39064}"
EndProject
Project("{2150E333-8FDC-42A3-9474-1A3956D46DE8}") = "Promotion", "Promotion", "{0E5ACBDB-98CB-3580-2E15-6C2EE2523990}"
EndProject
Project("{FAE04EC0-301F-11D3-BF4B-00C04F79EFBC}") = "Promotion.Application", "src\Modules\Promotion\Promotion.Application\Promotion.Application.csproj", "{DCF2A43E-66D0-4D38-A2E8-059F310D5774}"
EndProject
Project("{FAE04EC0-301F-11D3-BF4B-00C04F79EFBC}") = "Promotion.Domain", "src\Modules\Promotion\Promotion.Domain\Promotion.Domain.csproj", "{D59D4CC7-7958-4160-882A-6CB109AFD4DF}"
EndProject
Project("{FAE04EC0-301F-11D3-BF4B-00C04F79EFBC}") = "Promotion.Infrastructure", "src\Modules\Promotion\Promotion.Infrastructure\Promotion.Infrastructure.csproj", "{6E168C8E-3F59-43C8-8C31-2212C4D1BC56}"
EndProject
Project("{FAE04EC0-301F-11D3-BF4B-00C04F79EFBC}") = "Promotion.Presentation", "src\Modules\Promotion\Promotion.Presentation\Promotion.Presentation.csproj", "{85FBBB8E-6809-4DD4-8AB1-7FDC8FAE6EB1}"
EndProject
Project("{FAE04EC0-301F-11D3-BF4B-00C04F79EFBC}") = "QuickCart.Api", "src\QuickCart.Api\QuickCart.Api.csproj", "{9C9E1A83-F2C2-4933-8C63-5A98290E9932}"
EndProject
Project("{2150E333-8FDC-42A3-9474-1A3956D46DE8}") = "tests", "tests", "{0AB3BF05-4346-4AA6-1389-037BE0695223}"
EndProject
Project("{FAE04EC0-301F-11D3-BF4B-00C04F79EFBC}") = "Catalog.Tests", "tests\Catalog.Tests\Catalog.Tests.csproj", "{24386779-0989-48FB-8221-619BCBF115F9}"
EndProject
Project("{FAE04EC0-301F-11D3-BF4B-00C04F79EFBC}") = "Delivery.Tests", "tests\Delivery.Tests\Delivery.Tests.csproj", "{9F50629F-D6BA-4FF6-A707-D0FCFC7C9F20}"
EndProject
Project("{FAE04EC0-301F-11D3-BF4B-00C04F79EFBC}") = "Inventory.Tests", "tests\Inventory.Tests\Inventory.Tests.csproj", "{8109873F-C2FA-4DD9-8E1C-914B57F3AF1D}"
EndProject
Project("{FAE04EC0-301F-11D3-BF4B-00C04F79EFBC}") = "Ordering.Tests", "tests\Ordering.Tests\Ordering.Tests.csproj", "{CC738ED7-B0F3-4367-82D9-CC21F7923686}"
EndProject
Project("{FAE04EC0-301F-11D3-BF4B-00C04F79EFBC}") = "QuickCart.IntegrationTests", "tests\QuickCart.IntegrationTests\QuickCart.IntegrationTests.csproj", "{F1732EBC-2D98-4085-A90B-D8731B9EDA8E}"
EndProject
Project("{2150E333-8FDC-42A3-9474-1A3956D46DE8}") = "tools", "tools", "{07C2787E-EAC7-C090-1BA3-A61EC2A24D84}"
EndProject
Project("{FAE04EC0-301F-11D3-BF4B-00C04F79EFBC}") = "QuickCart.DatabaseMigrator", "tools\QuickCart.DatabaseMigrator\QuickCart.DatabaseMigrator.csproj", "{C95154D3-6F39-47E3-B8A1-5DBDCFDEA95F}"
EndProject
Project("{2150E333-8FDC-42A3-9474-1A3956D46DE8}") = "benchmarks", "benchmarks", "{66320409-64EC-F7C5-3DEF-65E7510DAAD1}"
EndProject
Project("{FAE04EC0-301F-11D3-BF4B-00C04F79EFBC}") = "QuickCart.BenchmarkHost", "benchmarks\QuickCart.BenchmarkHost\QuickCart.BenchmarkHost.csproj", "{DEF35CF0-A4BD-43B0-93D4-E0C09F798AF1}"
EndProject
Project("{FAE04EC0-301F-11D3-BF4B-00C04F79EFBC}") = "Identity.Tests", "tests\Identity.Tests\Identity.Tests.csproj", "{E47109F6-299B-4B5A-9689-A41B9AAC9FE4}"
EndProject
Global
	GlobalSection(SolutionConfigurationPlatforms) = preSolution
		Debug|Any CPU = Debug|Any CPU
		Debug|x64 = Debug|x64
		Debug|x86 = Debug|x86
		Release|Any CPU = Release|Any CPU
		Release|x64 = Release|x64
		Release|x86 = Release|x86
	EndGlobalSection
	GlobalSection(ProjectConfigurationPlatforms) = postSolution
		{FBCBFB16-281E-4934-B274-3A2A684744EA}.Debug|Any CPU.ActiveCfg = Debug|Any CPU
		{FBCBFB16-281E-4934-B274-3A2A684744EA}.Debug|Any CPU.Build.0 = Debug|Any CPU
		{FBCBFB16-281E-4934-B274-3A2A684744EA}.Debug|x64.ActiveCfg = Debug|Any CPU
		{FBCBFB16-281E-4934-B274-3A2A684744EA}.Debug|x64.Build.0 = Debug|Any CPU
		{FBCBFB16-281E-4934-B274-3A2A684744EA}.Debug|x86.ActiveCfg = Debug|Any CPU
		{FBCBFB16-281E-4934-B274-3A2A684744EA}.Debug|x86.Build.0 = Debug|Any CPU
		{FBCBFB16-281E-4934-B274-3A2A684744EA}.Release|Any CPU.ActiveCfg = Release|Any CPU
		{FBCBFB16-281E-4934-B274-3A2A684744EA}.Release|Any CPU.Build.0 = Release|Any CPU
		{FBCBFB16-281E-4934-B274-3A2A684744EA}.Release|x64.ActiveCfg = Release|Any CPU
		{FBCBFB16-281E-4934-B274-3A2A684744EA}.Release|x64.Build.0 = Release|Any CPU
		{FBCBFB16-281E-4934-B274-3A2A684744EA}.Release|x86.ActiveCfg = Release|Any CPU
		{FBCBFB16-281E-4934-B274-3A2A684744EA}.Release|x86.Build.0 = Release|Any CPU
		{E6089152-9E21-42BC-A4E8-F992E5224757}.Debug|Any CPU.ActiveCfg = Debug|Any CPU
		{E6089152-9E21-42BC-A4E8-F992E5224757}.Debug|Any CPU.Build.0 = Debug|Any CPU
		{E6089152-9E21-42BC-A4E8-F992E5224757}.Debug|x64.ActiveCfg = Debug|Any CPU
		{E6089152-9E21-42BC-A4E8-F992E5224757}.Debug|x64.Build.0 = Debug|Any CPU
		{E6089152-9E21-42BC-A4E8-F992E5224757}.Debug|x86.ActiveCfg = Debug|Any CPU
		{E6089152-9E21-42BC-A4E8-F992E5224757}.Debug|x86.Build.0 = Debug|Any CPU
		{E6089152-9E21-42BC-A4E8-F992E5224757}.Release|Any CPU.ActiveCfg = Release|Any CPU
		{E6089152-9E21-42BC-A4E8-F992E5224757}.Release|Any CPU.Build.0 = Release|Any CPU
		{E6089152-9E21-42BC-A4E8-F992E5224757}.Release|x64.ActiveCfg = Release|Any CPU
		{E6089152-9E21-42BC-A4E8-F992E5224757}.Release|x64.Build.0 = Release|Any CPU
		{E6089152-9E21-42BC-A4E8-F992E5224757}.Release|x86.ActiveCfg = Release|Any CPU
		{E6089152-9E21-42BC-A4E8-F992E5224757}.Release|x86.Build.0 = Release|Any CPU
		{8F6CFA2C-4F80-43BD-8942-DACC9086EEF4}.Debug|Any CPU.ActiveCfg = Debug|Any CPU
		{8F6CFA2C-4F80-43BD-8942-DACC9086EEF4}.Debug|Any CPU.Build.0 = Debug|Any CPU
		{8F6CFA2C-4F80-43BD-8942-DACC9086EEF4}.Debug|x64.ActiveCfg = Debug|Any CPU
		{8F6CFA2C-4F80-43BD-8942-DACC9086EEF4}.Debug|x64.Build.0 = Debug|Any CPU
		{8F6CFA2C-4F80-43BD-8942-DACC9086EEF4}.Debug|x86.ActiveCfg = Debug|Any CPU
		{8F6CFA2C-4F80-43BD-8942-DACC9086EEF4}.Debug|x86.Build.0 = Debug|Any CPU
		{8F6CFA2C-4F80-43BD-8942-DACC9086EEF4}.Release|Any CPU.ActiveCfg = Release|Any CPU
		{8F6CFA2C-4F80-43BD-8942-DACC9086EEF4}.Release|Any CPU.Build.0 = Release|Any CPU
		{8F6CFA2C-4F80-43BD-8942-DACC9086EEF4}.Release|x64.ActiveCfg = Release|Any CPU
		{8F6CFA2C-4F80-43BD-8942-DACC9086EEF4}.Release|x64.Build.0 = Release|Any CPU
		{8F6CFA2C-4F80-43BD-8942-DACC9086EEF4}.Release|x86.ActiveCfg = Release|Any CPU
		{8F6CFA2C-4F80-43BD-8942-DACC9086EEF4}.Release|x86.Build.0 = Release|Any CPU
		{9649D637-FEC8-4FA4-B21F-DED42BDEA688}.Debug|Any CPU.ActiveCfg = Debug|Any CPU
		{9649D637-FEC8-4FA4-B21F-DED42BDEA688}.Debug|Any CPU.Build.0 = Debug|Any CPU
		{9649D637-FEC8-4FA4-B21F-DED42BDEA688}.Debug|x64.ActiveCfg = Debug|Any CPU
		{9649D637-FEC8-4FA4-B21F-DED42BDEA688}.Debug|x64.Build.0 = Debug|Any CPU
		{9649D637-FEC8-4FA4-B21F-DED42BDEA688}.Debug|x86.ActiveCfg = Debug|Any CPU
		{9649D637-FEC8-4FA4-B21F-DED42BDEA688}.Debug|x86.Build.0 = Debug|Any CPU
		{9649D637-FEC8-4FA4-B21F-DED42BDEA688}.Release|Any CPU.ActiveCfg = Release|Any CPU
		{9649D637-FEC8-4FA4-B21F-DED42BDEA688}.Release|Any CPU.Build.0 = Release|Any CPU
		{9649D637-FEC8-4FA4-B21F-DED42BDEA688}.Release|x64.ActiveCfg = Release|Any CPU
		{9649D637-FEC8-4FA4-B21F-DED42BDEA688}.Release|x64.Build.0 = Release|Any CPU
		{9649D637-FEC8-4FA4-B21F-DED42BDEA688}.Release|x86.ActiveCfg = Release|Any CPU
		{9649D637-FEC8-4FA4-B21F-DED42BDEA688}.Release|x86.Build.0 = Release|Any CPU
		{02CC7951-0CDC-4459-824B-76A5697CCE6F}.Debug|Any CPU.ActiveCfg = Debug|Any CPU
		{02CC7951-0CDC-4459-824B-76A5697CCE6F}.Debug|Any CPU.Build.0 = Debug|Any CPU
		{02CC7951-0CDC-4459-824B-76A5697CCE6F}.Debug|x64.ActiveCfg = Debug|Any CPU
		{02CC7951-0CDC-4459-824B-76A5697CCE6F}.Debug|x64.Build.0 = Debug|Any CPU
		{02CC7951-0CDC-4459-824B-76A5697CCE6F}.Debug|x86.ActiveCfg = Debug|Any CPU
		{02CC7951-0CDC-4459-824B-76A5697CCE6F}.Debug|x86.Build.0 = Debug|Any CPU
		{02CC7951-0CDC-4459-824B-76A5697CCE6F}.Release|Any CPU.ActiveCfg = Release|Any CPU
		{02CC7951-0CDC-4459-824B-76A5697CCE6F}.Release|Any CPU.Build.0 = Release|Any CPU
		{02CC7951-0CDC-4459-824B-76A5697CCE6F}.Release|x64.ActiveCfg = Release|Any CPU
		{02CC7951-0CDC-4459-824B-76A5697CCE6F}.Release|x64.Build.0 = Release|Any CPU
		{02CC7951-0CDC-4459-824B-76A5697CCE6F}.Release|x86.ActiveCfg = Release|Any CPU
		{02CC7951-0CDC-4459-824B-76A5697CCE6F}.Release|x86.Build.0 = Release|Any CPU
		{849001BB-F8EA-4DDF-B2A7-4E6F7EFBA2E4}.Debug|Any CPU.ActiveCfg = Debug|Any CPU
		{849001BB-F8EA-4DDF-B2A7-4E6F7EFBA2E4}.Debug|Any CPU.Build.0 = Debug|Any CPU
		{849001BB-F8EA-4DDF-B2A7-4E6F7EFBA2E4}.Debug|x64.ActiveCfg = Debug|Any CPU
		{849001BB-F8EA-4DDF-B2A7-4E6F7EFBA2E4}.Debug|x64.Build.0 = Debug|Any CPU
		{849001BB-F8EA-4DDF-B2A7-4E6F7EFBA2E4}.Debug|x86.ActiveCfg = Debug|Any CPU
		{849001BB-F8EA-4DDF-B2A7-4E6F7EFBA2E4}.Debug|x86.Build.0 = Debug|Any CPU
		{849001BB-F8EA-4DDF-B2A7-4E6F7EFBA2E4}.Release|Any CPU.ActiveCfg = Release|Any CPU
		{849001BB-F8EA-4DDF-B2A7-4E6F7EFBA2E4}.Release|Any CPU.Build.0 = Release|Any CPU
		{849001BB-F8EA-4DDF-B2A7-4E6F7EFBA2E4}.Release|x64.ActiveCfg = Release|Any CPU
		{849001BB-F8EA-4DDF-B2A7-4E6F7EFBA2E4}.Release|x64.Build.0 = Release|Any CPU
		{849001BB-F8EA-4DDF-B2A7-4E6F7EFBA2E4}.Release|x86.ActiveCfg = Release|Any CPU
		{849001BB-F8EA-4DDF-B2A7-4E6F7EFBA2E4}.Release|x86.Build.0 = Release|Any CPU
		{B328C579-BF93-48A8-B45A-9780F8E6067A}.Debug|Any CPU.ActiveCfg = Debug|Any CPU
		{B328C579-BF93-48A8-B45A-9780F8E6067A}.Debug|Any CPU.Build.0 = Debug|Any CPU
		{B328C579-BF93-48A8-B45A-9780F8E6067A}.Debug|x64.ActiveCfg = Debug|Any CPU
		{B328C579-BF93-48A8-B45A-9780F8E6067A}.Debug|x64.Build.0 = Debug|Any CPU
		{B328C579-BF93-48A8-B45A-9780F8E6067A}.Debug|x86.ActiveCfg = Debug|Any CPU
		{B328C579-BF93-48A8-B45A-9780F8E6067A}.Debug|x86.Build.0 = Debug|Any CPU
		{B328C579-BF93-48A8-B45A-9780F8E6067A}.Release|Any CPU.ActiveCfg = Release|Any CPU
		{B328C579-BF93-48A8-B45A-9780F8E6067A}.Release|Any CPU.Build.0 = Release|Any CPU
		{B328C579-BF93-48A8-B45A-9780F8E6067A}.Release|x64.ActiveCfg = Release|Any CPU
		{B328C579-BF93-48A8-B45A-9780F8E6067A}.Release|x64.Build.0 = Release|Any CPU
		{B328C579-BF93-48A8-B45A-9780F8E6067A}.Release|x86.ActiveCfg = Release|Any CPU
		{B328C579-BF93-48A8-B45A-9780F8E6067A}.Release|x86.Build.0 = Release|Any CPU
		{B5BDEEEF-C175-425A-A47E-3B862F75C5A8}.Debug|Any CPU.ActiveCfg = Debug|Any CPU
		{B5BDEEEF-C175-425A-A47E-3B862F75C5A8}.Debug|Any CPU.Build.0 = Debug|Any CPU
		{B5BDEEEF-C175-425A-A47E-3B862F75C5A8}.Debug|x64.ActiveCfg = Debug|Any CPU
		{B5BDEEEF-C175-425A-A47E-3B862F75C5A8}.Debug|x64.Build.0 = Debug|Any CPU
		{B5BDEEEF-C175-425A-A47E-3B862F75C5A8}.Debug|x86.ActiveCfg = Debug|Any CPU
		{B5BDEEEF-C175-425A-A47E-3B862F75C5A8}.Debug|x86.Build.0 = Debug|Any CPU
		{B5BDEEEF-C175-425A-A47E-3B862F75C5A8}.Release|Any CPU.ActiveCfg = Release|Any CPU
		{B5BDEEEF-C175-425A-A47E-3B862F75C5A8}.Release|Any CPU.Build.0 = Release|Any CPU
		{B5BDEEEF-C175-425A-A47E-3B862F75C5A8}.Release|x64.ActiveCfg = Release|Any CPU
		{B5BDEEEF-C175-425A-A47E-3B862F75C5A8}.Release|x64.Build.0 = Release|Any CPU
		{B5BDEEEF-C175-425A-A47E-3B862F75C5A8}.Release|x86.ActiveCfg = Release|Any CPU
		{B5BDEEEF-C175-425A-A47E-3B862F75C5A8}.Release|x86.Build.0 = Release|Any CPU
		{13348191-E755-41AA-AA2E-A30B543CA3DB}.Debug|Any CPU.ActiveCfg = Debug|Any CPU
		{13348191-E755-41AA-AA2E-A30B543CA3DB}.Debug|Any CPU.Build.0 = Debug|Any CPU
		{13348191-E755-41AA-AA2E-A30B543CA3DB}.Debug|x64.ActiveCfg = Debug|Any CPU
		{13348191-E755-41AA-AA2E-A30B543CA3DB}.Debug|x64.Build.0 = Debug|Any CPU
		{13348191-E755-41AA-AA2E-A30B543CA3DB}.Debug|x86.ActiveCfg = Debug|Any CPU
		{13348191-E755-41AA-AA2E-A30B543CA3DB}.Debug|x86.Build.0 = Debug|Any CPU
		{13348191-E755-41AA-AA2E-A30B543CA3DB}.Release|Any CPU.ActiveCfg = Release|Any CPU
		{13348191-E755-41AA-AA2E-A30B543CA3DB}.Release|Any CPU.Build.0 = Release|Any CPU
		{13348191-E755-41AA-AA2E-A30B543CA3DB}.Release|x64.ActiveCfg = Release|Any CPU
		{13348191-E755-41AA-AA2E-A30B543CA3DB}.Release|x64.Build.0 = Release|Any CPU
		{13348191-E755-41AA-AA2E-A30B543CA3DB}.Release|x86.ActiveCfg = Release|Any CPU
		{13348191-E755-41AA-AA2E-A30B543CA3DB}.Release|x86.Build.0 = Release|Any CPU
		{0BE038BA-83B8-4EF9-8092-F857B8669AAD}.Debug|Any CPU.ActiveCfg = Debug|Any CPU
		{0BE038BA-83B8-4EF9-8092-F857B8669AAD}.Debug|Any CPU.Build.0 = Debug|Any CPU
		{0BE038BA-83B8-4EF9-8092-F857B8669AAD}.Debug|x64.ActiveCfg = Debug|Any CPU
		{0BE038BA-83B8-4EF9-8092-F857B8669AAD}.Debug|x64.Build.0 = Debug|Any CPU
		{0BE038BA-83B8-4EF9-8092-F857B8669AAD}.Debug|x86.ActiveCfg = Debug|Any CPU
		{0BE038BA-83B8-4EF9-8092-F857B8669AAD}.Debug|x86.Build.0 = Debug|Any CPU
		{0BE038BA-83B8-4EF9-8092-F857B8669AAD}.Release|Any CPU.ActiveCfg = Release|Any CPU
		{0BE038BA-83B8-4EF9-8092-F857B8669AAD}.Release|Any CPU.Build.0 = Release|Any CPU
		{0BE038BA-83B8-4EF9-8092-F857B8669AAD}.Release|x64.ActiveCfg = Release|Any CPU
		{0BE038BA-83B8-4EF9-8092-F857B8669AAD}.Release|x64.Build.0 = Release|Any CPU
		{0BE038BA-83B8-4EF9-8092-F857B8669AAD}.Release|x86.ActiveCfg = Release|Any CPU
		{0BE038BA-83B8-4EF9-8092-F857B8669AAD}.Release|x86.Build.0 = Release|Any CPU
		{49624970-2025-4EF8-BA0D-68D060992486}.Debug|Any CPU.ActiveCfg = Debug|Any CPU
		{49624970-2025-4EF8-BA0D-68D060992486}.Debug|Any CPU.Build.0 = Debug|Any CPU
		{49624970-2025-4EF8-BA0D-68D060992486}.Debug|x64.ActiveCfg = Debug|Any CPU
		{49624970-2025-4EF8-BA0D-68D060992486}.Debug|x64.Build.0 = Debug|Any CPU
		{49624970-2025-4EF8-BA0D-68D060992486}.Debug|x86.ActiveCfg = Debug|Any CPU
		{49624970-2025-4EF8-BA0D-68D060992486}.Debug|x86.Build.0 = Debug|Any CPU
		{49624970-2025-4EF8-BA0D-68D060992486}.Release|Any CPU.ActiveCfg = Release|Any CPU
		{49624970-2025-4EF8-BA0D-68D060992486}.Release|Any CPU.Build.0 = Release|Any CPU
		{49624970-2025-4EF8-BA0D-68D060992486}.Release|x64.ActiveCfg = Release|Any CPU
		{49624970-2025-4EF8-BA0D-68D060992486}.Release|x64.Build.0 = Release|Any CPU
		{49624970-2025-4EF8-BA0D-68D060992486}.Release|x86.ActiveCfg = Release|Any CPU
		{49624970-2025-4EF8-BA0D-68D060992486}.Release|x86.Build.0 = Release|Any CPU
		{8EF62B52-4C31-48C4-93F3-2E2744363D1C}.Debug|Any CPU.ActiveCfg = Debug|Any CPU
		{8EF62B52-4C31-48C4-93F3-2E2744363D1C}.Debug|Any CPU.Build.0 = Debug|Any CPU
		{8EF62B52-4C31-48C4-93F3-2E2744363D1C}.Debug|x64.ActiveCfg = Debug|Any CPU
		{8EF62B52-4C31-48C4-93F3-2E2744363D1C}.Debug|x64.Build.0 = Debug|Any CPU
		{8EF62B52-4C31-48C4-93F3-2E2744363D1C}.Debug|x86.ActiveCfg = Debug|Any CPU
		{8EF62B52-4C31-48C4-93F3-2E2744363D1C}.Debug|x86.Build.0 = Debug|Any CPU
		{8EF62B52-4C31-48C4-93F3-2E2744363D1C}.Release|Any CPU.ActiveCfg = Release|Any CPU
		{8EF62B52-4C31-48C4-93F3-2E2744363D1C}.Release|Any CPU.Build.0 = Release|Any CPU
		{8EF62B52-4C31-48C4-93F3-2E2744363D1C}.Release|x64.ActiveCfg = Release|Any CPU
		{8EF62B52-4C31-48C4-93F3-2E2744363D1C}.Release|x64.Build.0 = Release|Any CPU
		{8EF62B52-4C31-48C4-93F3-2E2744363D1C}.Release|x86.ActiveCfg = Release|Any CPU
		{8EF62B52-4C31-48C4-93F3-2E2744363D1C}.Release|x86.Build.0 = Release|Any CPU
		{7EA1A046-0C9E-4E01-9D27-5483D6C52383}.Debug|Any CPU.ActiveCfg = Debug|Any CPU
		{7EA1A046-0C9E-4E01-9D27-5483D6C52383}.Debug|Any CPU.Build.0 = Debug|Any CPU
		{7EA1A046-0C9E-4E01-9D27-5483D6C52383}.Debug|x64.ActiveCfg = Debug|Any CPU
		{7EA1A046-0C9E-4E01-9D27-5483D6C52383}.Debug|x64.Build.0 = Debug|Any CPU
		{7EA1A046-0C9E-4E01-9D27-5483D6C52383}.Debug|x86.ActiveCfg = Debug|Any CPU
		{7EA1A046-0C9E-4E01-9D27-5483D6C52383}.Debug|x86.Build.0 = Debug|Any CPU
		{7EA1A046-0C9E-4E01-9D27-5483D6C52383}.Release|Any CPU.ActiveCfg = Release|Any CPU
		{7EA1A046-0C9E-4E01-9D27-5483D6C52383}.Release|Any CPU.Build.0 = Release|Any CPU
		{7EA1A046-0C9E-4E01-9D27-5483D6C52383}.Release|x64.ActiveCfg = Release|Any CPU
		{7EA1A046-0C9E-4E01-9D27-5483D6C52383}.Release|x64.Build.0 = Release|Any CPU
		{7EA1A046-0C9E-4E01-9D27-5483D6C52383}.Release|x86.ActiveCfg = Release|Any CPU
		{7EA1A046-0C9E-4E01-9D27-5483D6C52383}.Release|x86.Build.0 = Release|Any CPU
		{D6C35DAF-F50D-4B9D-871C-0013D8147DD2}.Debug|Any CPU.ActiveCfg = Debug|Any CPU
		{D6C35DAF-F50D-4B9D-871C-0013D8147DD2}.Debug|Any CPU.Build.0 = Debug|Any CPU
		{D6C35DAF-F50D-4B9D-871C-0013D8147DD2}.Debug|x64.ActiveCfg = Debug|Any CPU
		{D6C35DAF-F50D-4B9D-871C-0013D8147DD2}.Debug|x64.Build.0 = Debug|Any CPU
		{D6C35DAF-F50D-4B9D-871C-0013D8147DD2}.Debug|x86.ActiveCfg = Debug|Any CPU
		{D6C35DAF-F50D-4B9D-871C-0013D8147DD2}.Debug|x86.Build.0 = Debug|Any CPU
		{D6C35DAF-F50D-4B9D-871C-0013D8147DD2}.Release|Any CPU.ActiveCfg = Release|Any CPU
		{D6C35DAF-F50D-4B9D-871C-0013D8147DD2}.Release|Any CPU.Build.0 = Release|Any CPU
		{D6C35DAF-F50D-4B9D-871C-0013D8147DD2}.Release|x64.ActiveCfg = Release|Any CPU
		{D6C35DAF-F50D-4B9D-871C-0013D8147DD2}.Release|x64.Build.0 = Release|Any CPU
		{D6C35DAF-F50D-4B9D-871C-0013D8147DD2}.Release|x86.ActiveCfg = Release|Any CPU
		{D6C35DAF-F50D-4B9D-871C-0013D8147DD2}.Release|x86.Build.0 = Release|Any CPU
		{64A95D64-76BC-4AA5-80AF-E54F2C5F30D4}.Debug|Any CPU.ActiveCfg = Debug|Any CPU
		{64A95D64-76BC-4AA5-80AF-E54F2C5F30D4}.Debug|Any CPU.Build.0 = Debug|Any CPU
		{64A95D64-76BC-4AA5-80AF-E54F2C5F30D4}.Debug|x64.ActiveCfg = Debug|Any CPU
		{64A95D64-76BC-4AA5-80AF-E54F2C5F30D4}.Debug|x64.Build.0 = Debug|Any CPU
		{64A95D64-76BC-4AA5-80AF-E54F2C5F30D4}.Debug|x86.ActiveCfg = Debug|Any CPU
		{64A95D64-76BC-4AA5-80AF-E54F2C5F30D4}.Debug|x86.Build.0 = Debug|Any CPU
		{64A95D64-76BC-4AA5-80AF-E54F2C5F30D4}.Release|Any CPU.ActiveCfg = Release|Any CPU
		{64A95D64-76BC-4AA5-80AF-E54F2C5F30D4}.Release|Any CPU.Build.0 = Release|Any CPU
		{64A95D64-76BC-4AA5-80AF-E54F2C5F30D4}.Release|x64.ActiveCfg = Release|Any CPU
		{64A95D64-76BC-4AA5-80AF-E54F2C5F30D4}.Release|x64.Build.0 = Release|Any CPU
		{64A95D64-76BC-4AA5-80AF-E54F2C5F30D4}.Release|x86.ActiveCfg = Release|Any CPU
		{64A95D64-76BC-4AA5-80AF-E54F2C5F30D4}.Release|x86.Build.0 = Release|Any CPU
		{C9E5D850-3B7C-4F8D-859A-BC82AA7D7A1F}.Debug|Any CPU.ActiveCfg = Debug|Any CPU
		{C9E5D850-3B7C-4F8D-859A-BC82AA7D7A1F}.Debug|Any CPU.Build.0 = Debug|Any CPU
		{C9E5D850-3B7C-4F8D-859A-BC82AA7D7A1F}.Debug|x64.ActiveCfg = Debug|Any CPU
		{C9E5D850-3B7C-4F8D-859A-BC82AA7D7A1F}.Debug|x64.Build.0 = Debug|Any CPU
		{C9E5D850-3B7C-4F8D-859A-BC82AA7D7A1F}.Debug|x86.ActiveCfg = Debug|Any CPU
		{C9E5D850-3B7C-4F8D-859A-BC82AA7D7A1F}.Debug|x86.Build.0 = Debug|Any CPU
		{C9E5D850-3B7C-4F8D-859A-BC82AA7D7A1F}.Release|Any CPU.ActiveCfg = Release|Any CPU
		{C9E5D850-3B7C-4F8D-859A-BC82AA7D7A1F}.Release|Any CPU.Build.0 = Release|Any CPU
		{C9E5D850-3B7C-4F8D-859A-BC82AA7D7A1F}.Release|x64.ActiveCfg = Release|Any CPU
		{C9E5D850-3B7C-4F8D-859A-BC82AA7D7A1F}.Release|x64.Build.0 = Release|Any CPU
		{C9E5D850-3B7C-4F8D-859A-BC82AA7D7A1F}.Release|x86.ActiveCfg = Release|Any CPU
		{C9E5D850-3B7C-4F8D-859A-BC82AA7D7A1F}.Release|x86.Build.0 = Release|Any CPU
		{B15A1EFE-B8EC-4D1A-B612-480F7741B049}.Debug|Any CPU.ActiveCfg = Debug|Any CPU
		{B15A1EFE-B8EC-4D1A-B612-480F7741B049}.Debug|Any CPU.Build.0 = Debug|Any CPU
		{B15A1EFE-B8EC-4D1A-B612-480F7741B049}.Debug|x64.ActiveCfg = Debug|Any CPU
		{B15A1EFE-B8EC-4D1A-B612-480F7741B049}.Debug|x64.Build.0 = Debug|Any CPU
		{B15A1EFE-B8EC-4D1A-B612-480F7741B049}.Debug|x86.ActiveCfg = Debug|Any CPU
		{B15A1EFE-B8EC-4D1A-B612-480F7741B049}.Debug|x86.Build.0 = Debug|Any CPU
		{B15A1EFE-B8EC-4D1A-B612-480F7741B049}.Release|Any CPU.ActiveCfg = Release|Any CPU
		{B15A1EFE-B8EC-4D1A-B612-480F7741B049}.Release|Any CPU.Build.0 = Release|Any CPU
		{B15A1EFE-B8EC-4D1A-B612-480F7741B049}.Release|x64.ActiveCfg = Release|Any CPU
		{B15A1EFE-B8EC-4D1A-B612-480F7741B049}.Release|x64.Build.0 = Release|Any CPU
		{B15A1EFE-B8EC-4D1A-B612-480F7741B049}.Release|x86.ActiveCfg = Release|Any CPU
		{B15A1EFE-B8EC-4D1A-B612-480F7741B049}.Release|x86.Build.0 = Release|Any CPU
		{8685FD16-4202-46EC-B344-8BEBCFD91753}.Debug|Any CPU.ActiveCfg = Debug|Any CPU
		{8685FD16-4202-46EC-B344-8BEBCFD91753}.Debug|Any CPU.Build.0 = Debug|Any CPU
		{8685FD16-4202-46EC-B344-8BEBCFD91753}.Debug|x64.ActiveCfg = Debug|Any CPU
		{8685FD16-4202-46EC-B344-8BEBCFD91753}.Debug|x64.Build.0 = Debug|Any CPU
		{8685FD16-4202-46EC-B344-8BEBCFD91753}.Debug|x86.ActiveCfg = Debug|Any CPU
		{8685FD16-4202-46EC-B344-8BEBCFD91753}.Debug|x86.Build.0 = Debug|Any CPU
		{8685FD16-4202-46EC-B344-8BEBCFD91753}.Release|Any CPU.ActiveCfg = Release|Any CPU
		{8685FD16-4202-46EC-B344-8BEBCFD91753}.Release|Any CPU.Build.0 = Release|Any CPU
		{8685FD16-4202-46EC-B344-8BEBCFD91753}.Release|x64.ActiveCfg = Release|Any CPU
		{8685FD16-4202-46EC-B344-8BEBCFD91753}.Release|x64.Build.0 = Release|Any CPU
		{8685FD16-4202-46EC-B344-8BEBCFD91753}.Release|x86.ActiveCfg = Release|Any CPU
		{8685FD16-4202-46EC-B344-8BEBCFD91753}.Release|x86.Build.0 = Release|Any CPU
		{C2DABDDF-EDCD-46F2-AC19-9E1994D817D2}.Debug|Any CPU.ActiveCfg = Debug|Any CPU
		{C2DABDDF-EDCD-46F2-AC19-9E1994D817D2}.Debug|Any CPU.Build.0 = Debug|Any CPU
		{C2DABDDF-EDCD-46F2-AC19-9E1994D817D2}.Debug|x64.ActiveCfg = Debug|Any CPU
		{C2DABDDF-EDCD-46F2-AC19-9E1994D817D2}.Debug|x64.Build.0 = Debug|Any CPU
		{C2DABDDF-EDCD-46F2-AC19-9E1994D817D2}.Debug|x86.ActiveCfg = Debug|Any CPU
		{C2DABDDF-EDCD-46F2-AC19-9E1994D817D2}.Debug|x86.Build.0 = Debug|Any CPU
		{C2DABDDF-EDCD-46F2-AC19-9E1994D817D2}.Release|Any CPU.ActiveCfg = Release|Any CPU
		{C2DABDDF-EDCD-46F2-AC19-9E1994D817D2}.Release|Any CPU.Build.0 = Release|Any CPU
		{C2DABDDF-EDCD-46F2-AC19-9E1994D817D2}.Release|x64.ActiveCfg = Release|Any CPU
		{C2DABDDF-EDCD-46F2-AC19-9E1994D817D2}.Release|x64.Build.0 = Release|Any CPU
		{C2DABDDF-EDCD-46F2-AC19-9E1994D817D2}.Release|x86.ActiveCfg = Release|Any CPU
		{C2DABDDF-EDCD-46F2-AC19-9E1994D817D2}.Release|x86.Build.0 = Release|Any CPU
		{513BBECD-4FF9-4C12-BCB6-2A57EC56CE3F}.Debug|Any CPU.ActiveCfg = Debug|Any CPU
		{513BBECD-4FF9-4C12-BCB6-2A57EC56CE3F}.Debug|Any CPU.Build.0 = Debug|Any CPU
		{513BBECD-4FF9-4C12-BCB6-2A57EC56CE3F}.Debug|x64.ActiveCfg = Debug|Any CPU
		{513BBECD-4FF9-4C12-BCB6-2A57EC56CE3F}.Debug|x64.Build.0 = Debug|Any CPU
		{513BBECD-4FF9-4C12-BCB6-2A57EC56CE3F}.Debug|x86.ActiveCfg = Debug|Any CPU
		{513BBECD-4FF9-4C12-BCB6-2A57EC56CE3F}.Debug|x86.Build.0 = Debug|Any CPU
		{513BBECD-4FF9-4C12-BCB6-2A57EC56CE3F}.Release|Any CPU.ActiveCfg = Release|Any CPU
		{513BBECD-4FF9-4C12-BCB6-2A57EC56CE3F}.Release|Any CPU.Build.0 = Release|Any CPU
		{513BBECD-4FF9-4C12-BCB6-2A57EC56CE3F}.Release|x64.ActiveCfg = Release|Any CPU
		{513BBECD-4FF9-4C12-BCB6-2A57EC56CE3F}.Release|x64.Build.0 = Release|Any CPU
		{513BBECD-4FF9-4C12-BCB6-2A57EC56CE3F}.Release|x86.ActiveCfg = Release|Any CPU
		{513BBECD-4FF9-4C12-BCB6-2A57EC56CE3F}.Release|x86.Build.0 = Release|Any CPU
		{B79224E2-25D2-42E0-9038-BA2AD037714B}.Debug|Any CPU.ActiveCfg = Debug|Any CPU
		{B79224E2-25D2-42E0-9038-BA2AD037714B}.Debug|Any CPU.Build.0 = Debug|Any CPU
		{B79224E2-25D2-42E0-9038-BA2AD037714B}.Debug|x64.ActiveCfg = Debug|Any CPU
		{B79224E2-25D2-42E0-9038-BA2AD037714B}.Debug|x64.Build.0 = Debug|Any CPU
		{B79224E2-25D2-42E0-9038-BA2AD037714B}.Debug|x86.ActiveCfg = Debug|Any CPU
		{B79224E2-25D2-42E0-9038-BA2AD037714B}.Debug|x86.Build.0 = Debug|Any CPU
		{B79224E2-25D2-42E0-9038-BA2AD037714B}.Release|Any CPU.ActiveCfg = Release|Any CPU
		{B79224E2-25D2-42E0-9038-BA2AD037714B}.Release|Any CPU.Build.0 = Release|Any CPU
		{B79224E2-25D2-42E0-9038-BA2AD037714B}.Release|x64.ActiveCfg = Release|Any CPU
		{B79224E2-25D2-42E0-9038-BA2AD037714B}.Release|x64.Build.0 = Release|Any CPU
		{B79224E2-25D2-42E0-9038-BA2AD037714B}.Release|x86.ActiveCfg = Release|Any CPU
		{B79224E2-25D2-42E0-9038-BA2AD037714B}.Release|x86.Build.0 = Release|Any CPU
		{16EB04C3-B1D7-4B02-932C-9CC352DC9E0D}.Debug|Any CPU.ActiveCfg = Debug|Any CPU
		{16EB04C3-B1D7-4B02-932C-9CC352DC9E0D}.Debug|Any CPU.Build.0 = Debug|Any CPU
		{16EB04C3-B1D7-4B02-932C-9CC352DC9E0D}.Debug|x64.ActiveCfg = Debug|Any CPU
		{16EB04C3-B1D7-4B02-932C-9CC352DC9E0D}.Debug|x64.Build.0 = Debug|Any CPU
		{16EB04C3-B1D7-4B02-932C-9CC352DC9E0D}.Debug|x86.ActiveCfg = Debug|Any CPU
		{16EB04C3-B1D7-4B02-932C-9CC352DC9E0D}.Debug|x86.Build.0 = Debug|Any CPU
		{16EB04C3-B1D7-4B02-932C-9CC352DC9E0D}.Release|Any CPU.ActiveCfg = Release|Any CPU
		{16EB04C3-B1D7-4B02-932C-9CC352DC9E0D}.Release|Any CPU.Build.0 = Release|Any CPU
		{16EB04C3-B1D7-4B02-932C-9CC352DC9E0D}.Release|x64.ActiveCfg = Release|Any CPU
		{16EB04C3-B1D7-4B02-932C-9CC352DC9E0D}.Release|x64.Build.0 = Release|Any CPU
		{16EB04C3-B1D7-4B02-932C-9CC352DC9E0D}.Release|x86.ActiveCfg = Release|Any CPU
		{16EB04C3-B1D7-4B02-932C-9CC352DC9E0D}.Release|x86.Build.0 = Release|Any CPU
		{A340FCEF-D5BB-490A-88A2-423AE8CDAD1F}.Debug|Any CPU.ActiveCfg = Debug|Any CPU
		{A340FCEF-D5BB-490A-88A2-423AE8CDAD1F}.Debug|Any CPU.Build.0 = Debug|Any CPU
		{A340FCEF-D5BB-490A-88A2-423AE8CDAD1F}.Debug|x64.ActiveCfg = Debug|Any CPU
		{A340FCEF-D5BB-490A-88A2-423AE8CDAD1F}.Debug|x64.Build.0 = Debug|Any CPU
		{A340FCEF-D5BB-490A-88A2-423AE8CDAD1F}.Debug|x86.ActiveCfg = Debug|Any CPU
		{A340FCEF-D5BB-490A-88A2-423AE8CDAD1F}.Debug|x86.Build.0 = Debug|Any CPU
		{A340FCEF-D5BB-490A-88A2-423AE8CDAD1F}.Release|Any CPU.ActiveCfg = Release|Any CPU
		{A340FCEF-D5BB-490A-88A2-423AE8CDAD1F}.Release|Any CPU.Build.0 = Release|Any CPU
		{A340FCEF-D5BB-490A-88A2-423AE8CDAD1F}.Release|x64.ActiveCfg = Release|Any CPU
		{A340FCEF-D5BB-490A-88A2-423AE8CDAD1F}.Release|x64.Build.0 = Release|Any CPU
		{A340FCEF-D5BB-490A-88A2-423AE8CDAD1F}.Release|x86.ActiveCfg = Release|Any CPU
		{A340FCEF-D5BB-490A-88A2-423AE8CDAD1F}.Release|x86.Build.0 = Release|Any CPU
		{FDEF2AFE-DA1A-43A2-A271-CC094CB55421}.Debug|Any CPU.ActiveCfg = Debug|Any CPU
		{FDEF2AFE-DA1A-43A2-A271-CC094CB55421}.Debug|Any CPU.Build.0 = Debug|Any CPU
		{FDEF2AFE-DA1A-43A2-A271-CC094CB55421}.Debug|x64.ActiveCfg = Debug|Any CPU
		{FDEF2AFE-DA1A-43A2-A271-CC094CB55421}.Debug|x64.Build.0 = Debug|Any CPU
		{FDEF2AFE-DA1A-43A2-A271-CC094CB55421}.Debug|x86.ActiveCfg = Debug|Any CPU
		{FDEF2AFE-DA1A-43A2-A271-CC094CB55421}.Debug|x86.Build.0 = Debug|Any CPU
		{FDEF2AFE-DA1A-43A2-A271-CC094CB55421}.Release|Any CPU.ActiveCfg = Release|Any CPU
		{FDEF2AFE-DA1A-43A2-A271-CC094CB55421}.Release|Any CPU.Build.0 = Release|Any CPU
		{FDEF2AFE-DA1A-43A2-A271-CC094CB55421}.Release|x64.ActiveCfg = Release|Any CPU
		{FDEF2AFE-DA1A-43A2-A271-CC094CB55421}.Release|x64.Build.0 = Release|Any CPU
		{FDEF2AFE-DA1A-43A2-A271-CC094CB55421}.Release|x86.ActiveCfg = Release|Any CPU
		{FDEF2AFE-DA1A-43A2-A271-CC094CB55421}.Release|x86.Build.0 = Release|Any CPU
		{23657864-D51A-4152-9822-E47634198130}.Debug|Any CPU.ActiveCfg = Debug|Any CPU
		{23657864-D51A-4152-9822-E47634198130}.Debug|Any CPU.Build.0 = Debug|Any CPU
		{23657864-D51A-4152-9822-E47634198130}.Debug|x64.ActiveCfg = Debug|Any CPU
		{23657864-D51A-4152-9822-E47634198130}.Debug|x64.Build.0 = Debug|Any CPU
		{23657864-D51A-4152-9822-E47634198130}.Debug|x86.ActiveCfg = Debug|Any CPU
		{23657864-D51A-4152-9822-E47634198130}.Debug|x86.Build.0 = Debug|Any CPU
		{23657864-D51A-4152-9822-E47634198130}.Release|Any CPU.ActiveCfg = Release|Any CPU
		{23657864-D51A-4152-9822-E47634198130}.Release|Any CPU.Build.0 = Release|Any CPU
		{23657864-D51A-4152-9822-E47634198130}.Release|x64.ActiveCfg = Release|Any CPU
		{23657864-D51A-4152-9822-E47634198130}.Release|x64.Build.0 = Release|Any CPU
		{23657864-D51A-4152-9822-E47634198130}.Release|x86.ActiveCfg = Release|Any CPU
		{23657864-D51A-4152-9822-E47634198130}.Release|x86.Build.0 = Release|Any CPU
		{23F061F5-9990-4400-BFC2-CE5324EE053E}.Debug|Any CPU.ActiveCfg = Debug|Any CPU
		{23F061F5-9990-4400-BFC2-CE5324EE053E}.Debug|Any CPU.Build.0 = Debug|Any CPU
		{23F061F5-9990-4400-BFC2-CE5324EE053E}.Debug|x64.ActiveCfg = Debug|Any CPU
		{23F061F5-9990-4400-BFC2-CE5324EE053E}.Debug|x64.Build.0 = Debug|Any CPU
		{23F061F5-9990-4400-BFC2-CE5324EE053E}.Debug|x86.ActiveCfg = Debug|Any CPU
		{23F061F5-9990-4400-BFC2-CE5324EE053E}.Debug|x86.Build.0 = Debug|Any CPU
		{23F061F5-9990-4400-BFC2-CE5324EE053E}.Release|Any CPU.ActiveCfg = Release|Any CPU
		{23F061F5-9990-4400-BFC2-CE5324EE053E}.Release|Any CPU.Build.0 = Release|Any CPU
		{23F061F5-9990-4400-BFC2-CE5324EE053E}.Release|x64.ActiveCfg = Release|Any CPU
		{23F061F5-9990-4400-BFC2-CE5324EE053E}.Release|x64.Build.0 = Release|Any CPU
		{23F061F5-9990-4400-BFC2-CE5324EE053E}.Release|x86.ActiveCfg = Release|Any CPU
		{23F061F5-9990-4400-BFC2-CE5324EE053E}.Release|x86.Build.0 = Release|Any CPU
		{62EA45E3-84DB-4577-8A1B-4BA9EF52DE4C}.Debug|Any CPU.ActiveCfg = Debug|Any CPU
		{62EA45E3-84DB-4577-8A1B-4BA9EF52DE4C}.Debug|Any CPU.Build.0 = Debug|Any CPU
		{62EA45E3-84DB-4577-8A1B-4BA9EF52DE4C}.Debug|x64.ActiveCfg = Debug|Any CPU
		{62EA45E3-84DB-4577-8A1B-4BA9EF52DE4C}.Debug|x64.Build.0 = Debug|Any CPU
		{62EA45E3-84DB-4577-8A1B-4BA9EF52DE4C}.Debug|x86.ActiveCfg = Debug|Any CPU
		{62EA45E3-84DB-4577-8A1B-4BA9EF52DE4C}.Debug|x86.Build.0 = Debug|Any CPU
		{62EA45E3-84DB-4577-8A1B-4BA9EF52DE4C}.Release|Any CPU.ActiveCfg = Release|Any CPU
		{62EA45E3-84DB-4577-8A1B-4BA9EF52DE4C}.Release|Any CPU.Build.0 = Release|Any CPU
		{62EA45E3-84DB-4577-8A1B-4BA9EF52DE4C}.Release|x64.ActiveCfg = Release|Any CPU
		{62EA45E3-84DB-4577-8A1B-4BA9EF52DE4C}.Release|x64.Build.0 = Release|Any CPU
		{62EA45E3-84DB-4577-8A1B-4BA9EF52DE4C}.Release|x86.ActiveCfg = Release|Any CPU
		{62EA45E3-84DB-4577-8A1B-4BA9EF52DE4C}.Release|x86.Build.0 = Release|Any CPU
		{3528224A-74E2-4A04-A546-7C805C083A6C}.Debug|Any CPU.ActiveCfg = Debug|Any CPU
		{3528224A-74E2-4A04-A546-7C805C083A6C}.Debug|Any CPU.Build.0 = Debug|Any CPU
		{3528224A-74E2-4A04-A546-7C805C083A6C}.Debug|x64.ActiveCfg = Debug|Any CPU
		{3528224A-74E2-4A04-A546-7C805C083A6C}.Debug|x64.Build.0 = Debug|Any CPU
		{3528224A-74E2-4A04-A546-7C805C083A6C}.Debug|x86.ActiveCfg = Debug|Any CPU
		{3528224A-74E2-4A04-A546-7C805C083A6C}.Debug|x86.Build.0 = Debug|Any CPU
		{3528224A-74E2-4A04-A546-7C805C083A6C}.Release|Any CPU.ActiveCfg = Release|Any CPU
		{3528224A-74E2-4A04-A546-7C805C083A6C}.Release|Any CPU.Build.0 = Release|Any CPU
		{3528224A-74E2-4A04-A546-7C805C083A6C}.Release|x64.ActiveCfg = Release|Any CPU
		{3528224A-74E2-4A04-A546-7C805C083A6C}.Release|x64.Build.0 = Release|Any CPU
		{3528224A-74E2-4A04-A546-7C805C083A6C}.Release|x86.ActiveCfg = Release|Any CPU
		{3528224A-74E2-4A04-A546-7C805C083A6C}.Release|x86.Build.0 = Release|Any CPU
		{CBF74B3F-0CEF-43ED-937B-0E9D5DC7C3C1}.Debug|Any CPU.ActiveCfg = Debug|Any CPU
		{CBF74B3F-0CEF-43ED-937B-0E9D5DC7C3C1}.Debug|Any CPU.Build.0 = Debug|Any CPU
		{CBF74B3F-0CEF-43ED-937B-0E9D5DC7C3C1}.Debug|x64.ActiveCfg = Debug|Any CPU
		{CBF74B3F-0CEF-43ED-937B-0E9D5DC7C3C1}.Debug|x64.Build.0 = Debug|Any CPU
		{CBF74B3F-0CEF-43ED-937B-0E9D5DC7C3C1}.Debug|x86.ActiveCfg = Debug|Any CPU
		{CBF74B3F-0CEF-43ED-937B-0E9D5DC7C3C1}.Debug|x86.Build.0 = Debug|Any CPU
		{CBF74B3F-0CEF-43ED-937B-0E9D5DC7C3C1}.Release|Any CPU.ActiveCfg = Release|Any CPU
		{CBF74B3F-0CEF-43ED-937B-0E9D5DC7C3C1}.Release|Any CPU.Build.0 = Release|Any CPU
		{CBF74B3F-0CEF-43ED-937B-0E9D5DC7C3C1}.Release|x64.ActiveCfg = Release|Any CPU
		{CBF74B3F-0CEF-43ED-937B-0E9D5DC7C3C1}.Release|x64.Build.0 = Release|Any CPU
		{CBF74B3F-0CEF-43ED-937B-0E9D5DC7C3C1}.Release|x86.ActiveCfg = Release|Any CPU
		{CBF74B3F-0CEF-43ED-937B-0E9D5DC7C3C1}.Release|x86.Build.0 = Release|Any CPU
		{C374DEF3-A511-48FA-AB39-4EFD55D7A049}.Debug|Any CPU.ActiveCfg = Debug|Any CPU
		{C374DEF3-A511-48FA-AB39-4EFD55D7A049}.Debug|Any CPU.Build.0 = Debug|Any CPU
		{C374DEF3-A511-48FA-AB39-4EFD55D7A049}.Debug|x64.ActiveCfg = Debug|Any CPU
		{C374DEF3-A511-48FA-AB39-4EFD55D7A049}.Debug|x64.Build.0 = Debug|Any CPU
		{C374DEF3-A511-48FA-AB39-4EFD55D7A049}.Debug|x86.ActiveCfg = Debug|Any CPU
		{C374DEF3-A511-48FA-AB39-4EFD55D7A049}.Debug|x86.Build.0 = Debug|Any CPU
		{C374DEF3-A511-48FA-AB39-4EFD55D7A049}.Release|Any CPU.ActiveCfg = Release|Any CPU
		{C374DEF3-A511-48FA-AB39-4EFD55D7A049}.Release|Any CPU.Build.0 = Release|Any CPU
		{C374DEF3-A511-48FA-AB39-4EFD55D7A049}.Release|x64.ActiveCfg = Release|Any CPU
		{C374DEF3-A511-48FA-AB39-4EFD55D7A049}.Release|x64.Build.0 = Release|Any CPU
		{C374DEF3-A511-48FA-AB39-4EFD55D7A049}.Release|x86.ActiveCfg = Release|Any CPU
		{C374DEF3-A511-48FA-AB39-4EFD55D7A049}.Release|x86.Build.0 = Release|Any CPU
		{9D5FC4D5-AE92-4505-8B6A-DB350969201B}.Debug|Any CPU.ActiveCfg = Debug|Any CPU
		{9D5FC4D5-AE92-4505-8B6A-DB350969201B}.Debug|Any CPU.Build.0 = Debug|Any CPU
		{9D5FC4D5-AE92-4505-8B6A-DB350969201B}.Debug|x64.ActiveCfg = Debug|Any CPU
		{9D5FC4D5-AE92-4505-8B6A-DB350969201B}.Debug|x64.Build.0 = Debug|Any CPU
		{9D5FC4D5-AE92-4505-8B6A-DB350969201B}.Debug|x86.ActiveCfg = Debug|Any CPU
		{9D5FC4D5-AE92-4505-8B6A-DB350969201B}.Debug|x86.Build.0 = Debug|Any CPU
		{9D5FC4D5-AE92-4505-8B6A-DB350969201B}.Release|Any CPU.ActiveCfg = Release|Any CPU
		{9D5FC4D5-AE92-4505-8B6A-DB350969201B}.Release|Any CPU.Build.0 = Release|Any CPU
		{9D5FC4D5-AE92-4505-8B6A-DB350969201B}.Release|x64.ActiveCfg = Release|Any CPU
		{9D5FC4D5-AE92-4505-8B6A-DB350969201B}.Release|x64.Build.0 = Release|Any CPU
		{9D5FC4D5-AE92-4505-8B6A-DB350969201B}.Release|x86.ActiveCfg = Release|Any CPU
		{9D5FC4D5-AE92-4505-8B6A-DB350969201B}.Release|x86.Build.0 = Release|Any CPU
		{F2520B14-79EF-41E2-BE2A-E6A474A39064}.Debug|Any CPU.ActiveCfg = Debug|Any CPU
		{F2520B14-79EF-41E2-BE2A-E6A474A39064}.Debug|Any CPU.Build.0 = Debug|Any CPU
		{F2520B14-79EF-41E2-BE2A-E6A474A39064}.Debug|x64.ActiveCfg = Debug|Any CPU
		{F2520B14-79EF-41E2-BE2A-E6A474A39064}.Debug|x64.Build.0 = Debug|Any CPU
		{F2520B14-79EF-41E2-BE2A-E6A474A39064}.Debug|x86.ActiveCfg = Debug|Any CPU
		{F2520B14-79EF-41E2-BE2A-E6A474A39064}.Debug|x86.Build.0 = Debug|Any CPU
		{F2520B14-79EF-41E2-BE2A-E6A474A39064}.Release|Any CPU.ActiveCfg = Release|Any CPU
		{F2520B14-79EF-41E2-BE2A-E6A474A39064}.Release|Any CPU.Build.0 = Release|Any CPU
		{F2520B14-79EF-41E2-BE2A-E6A474A39064}.Release|x64.ActiveCfg = Release|Any CPU
		{F2520B14-79EF-41E2-BE2A-E6A474A39064}.Release|x64.Build.0 = Release|Any CPU
		{F2520B14-79EF-41E2-BE2A-E6A474A39064}.Release|x86.ActiveCfg = Release|Any CPU
		{F2520B14-79EF-41E2-BE2A-E6A474A39064}.Release|x86.Build.0 = Release|Any CPU
		{DCF2A43E-66D0-4D38-A2E8-059F310D5774}.Debug|Any CPU.ActiveCfg = Debug|Any CPU
		{DCF2A43E-66D0-4D38-A2E8-059F310D5774}.Debug|Any CPU.Build.0 = Debug|Any CPU
		{DCF2A43E-66D0-4D38-A2E8-059F310D5774}.Debug|x64.ActiveCfg = Debug|Any CPU
		{DCF2A43E-66D0-4D38-A2E8-059F310D5774}.Debug|x64.Build.0 = Debug|Any CPU
		{DCF2A43E-66D0-4D38-A2E8-059F310D5774}.Debug|x86.ActiveCfg = Debug|Any CPU
		{DCF2A43E-66D0-4D38-A2E8-059F310D5774}.Debug|x86.Build.0 = Debug|Any CPU
		{DCF2A43E-66D0-4D38-A2E8-059F310D5774}.Release|Any CPU.ActiveCfg = Release|Any CPU
		{DCF2A43E-66D0-4D38-A2E8-059F310D5774}.Release|Any CPU.Build.0 = Release|Any CPU
		{DCF2A43E-66D0-4D38-A2E8-059F310D5774}.Release|x64.ActiveCfg = Release|Any CPU
		{DCF2A43E-66D0-4D38-A2E8-059F310D5774}.Release|x64.Build.0 = Release|Any CPU
		{DCF2A43E-66D0-4D38-A2E8-059F310D5774}.Release|x86.ActiveCfg = Release|Any CPU
		{DCF2A43E-66D0-4D38-A2E8-059F310D5774}.Release|x86.Build.0 = Release|Any CPU
		{D59D4CC7-7958-4160-882A-6CB109AFD4DF}.Debug|Any CPU.ActiveCfg = Debug|Any CPU
		{D59D4CC7-7958-4160-882A-6CB109AFD4DF}.Debug|Any CPU.Build.0 = Debug|Any CPU
		{D59D4CC7-7958-4160-882A-6CB109AFD4DF}.Debug|x64.ActiveCfg = Debug|Any CPU
		{D59D4CC7-7958-4160-882A-6CB109AFD4DF}.Debug|x64.Build.0 = Debug|Any CPU
		{D59D4CC7-7958-4160-882A-6CB109AFD4DF}.Debug|x86.ActiveCfg = Debug|Any CPU
		{D59D4CC7-7958-4160-882A-6CB109AFD4DF}.Debug|x86.Build.0 = Debug|Any CPU
		{D59D4CC7-7958-4160-882A-6CB109AFD4DF}.Release|Any CPU.ActiveCfg = Release|Any CPU
		{D59D4CC7-7958-4160-882A-6CB109AFD4DF}.Release|Any CPU.Build.0 = Release|Any CPU
		{D59D4CC7-7958-4160-882A-6CB109AFD4DF}.Release|x64.ActiveCfg = Release|Any CPU
		{D59D4CC7-7958-4160-882A-6CB109AFD4DF}.Release|x64.Build.0 = Release|Any CPU
		{D59D4CC7-7958-4160-882A-6CB109AFD4DF}.Release|x86.ActiveCfg = Release|Any CPU
		{D59D4CC7-7958-4160-882A-6CB109AFD4DF}.Release|x86.Build.0 = Release|Any CPU
		{6E168C8E-3F59-43C8-8C31-2212C4D1BC56}.Debug|Any CPU.ActiveCfg = Debug|Any CPU
		{6E168C8E-3F59-43C8-8C31-2212C4D1BC56}.Debug|Any CPU.Build.0 = Debug|Any CPU
		{6E168C8E-3F59-43C8-8C31-2212C4D1BC56}.Debug|x64.ActiveCfg = Debug|Any CPU
		{6E168C8E-3F59-43C8-8C31-2212C4D1BC56}.Debug|x64.Build.0 = Debug|Any CPU
		{6E168C8E-3F59-43C8-8C31-2212C4D1BC56}.Debug|x86.ActiveCfg = Debug|Any CPU
		{6E168C8E-3F59-43C8-8C31-2212C4D1BC56}.Debug|x86.Build.0 = Debug|Any CPU
		{6E168C8E-3F59-43C8-8C31-2212C4D1BC56}.Release|Any CPU.ActiveCfg = Release|Any CPU
		{6E168C8E-3F59-43C8-8C31-2212C4D1BC56}.Release|Any CPU.Build.0 = Release|Any CPU
		{6E168C8E-3F59-43C8-8C31-2212C4D1BC56}.Release|x64.ActiveCfg = Release|Any CPU
		{6E168C8E-3F59-43C8-8C31-2212C4D1BC56}.Release|x64.Build.0 = Release|Any CPU
		{6E168C8E-3F59-43C8-8C31-2212C4D1BC56}.Release|x86.ActiveCfg = Release|Any CPU
		{6E168C8E-3F59-43C8-8C31-2212C4D1BC56}.Release|x86.Build.0 = Release|Any CPU
		{85FBBB8E-6809-4DD4-8AB1-7FDC8FAE6EB1}.Debug|Any CPU.ActiveCfg = Debug|Any CPU
		{85FBBB8E-6809-4DD4-8AB1-7FDC8FAE6EB1}.Debug|Any CPU.Build.0 = Debug|Any CPU
		{85FBBB8E-6809-4DD4-8AB1-7FDC8FAE6EB1}.Debug|x64.ActiveCfg = Debug|Any CPU
		{85FBBB8E-6809-4DD4-8AB1-7FDC8FAE6EB1}.Debug|x64.Build.0 = Debug|Any CPU
		{85FBBB8E-6809-4DD4-8AB1-7FDC8FAE6EB1}.Debug|x86.ActiveCfg = Debug|Any CPU
		{85FBBB8E-6809-4DD4-8AB1-7FDC8FAE6EB1}.Debug|x86.Build.0 = Debug|Any CPU
		{85FBBB8E-6809-4DD4-8AB1-7FDC8FAE6EB1}.Release|Any CPU.ActiveCfg = Release|Any CPU
		{85FBBB8E-6809-4DD4-8AB1-7FDC8FAE6EB1}.Release|Any CPU.Build.0 = Release|Any CPU
		{85FBBB8E-6809-4DD4-8AB1-7FDC8FAE6EB1}.Release|x64.ActiveCfg = Release|Any CPU
		{85FBBB8E-6809-4DD4-8AB1-7FDC8FAE6EB1}.Release|x64.Build.0 = Release|Any CPU
		{85FBBB8E-6809-4DD4-8AB1-7FDC8FAE6EB1}.Release|x86.ActiveCfg = Release|Any CPU
		{85FBBB8E-6809-4DD4-8AB1-7FDC8FAE6EB1}.Release|x86.Build.0 = Release|Any CPU
		{9C9E1A83-F2C2-4933-8C63-5A98290E9932}.Debug|Any CPU.ActiveCfg = Debug|Any CPU
		{9C9E1A83-F2C2-4933-8C63-5A98290E9932}.Debug|Any CPU.Build.0 = Debug|Any CPU
		{9C9E1A83-F2C2-4933-8C63-5A98290E9932}.Debug|x64.ActiveCfg = Debug|Any CPU
		{9C9E1A83-F2C2-4933-8C63-5A98290E9932}.Debug|x64.Build.0 = Debug|Any CPU
		{9C9E1A83-F2C2-4933-8C63-5A98290E9932}.Debug|x86.ActiveCfg = Debug|Any CPU
		{9C9E1A83-F2C2-4933-8C63-5A98290E9932}.Debug|x86.Build.0 = Debug|Any CPU
		{9C9E1A83-F2C2-4933-8C63-5A98290E9932}.Release|Any CPU.ActiveCfg = Release|Any CPU
		{9C9E1A83-F2C2-4933-8C63-5A98290E9932}.Release|Any CPU.Build.0 = Release|Any CPU
		{9C9E1A83-F2C2-4933-8C63-5A98290E9932}.Release|x64.ActiveCfg = Release|Any CPU
		{9C9E1A83-F2C2-4933-8C63-5A98290E9932}.Release|x64.Build.0 = Release|Any CPU
		{9C9E1A83-F2C2-4933-8C63-5A98290E9932}.Release|x86.ActiveCfg = Release|Any CPU
		{9C9E1A83-F2C2-4933-8C63-5A98290E9932}.Release|x86.Build.0 = Release|Any CPU
		{24386779-0989-48FB-8221-619BCBF115F9}.Debug|Any CPU.ActiveCfg = Debug|Any CPU
		{24386779-0989-48FB-8221-619BCBF115F9}.Debug|Any CPU.Build.0 = Debug|Any CPU
		{24386779-0989-48FB-8221-619BCBF115F9}.Debug|x64.ActiveCfg = Debug|Any CPU
		{24386779-0989-48FB-8221-619BCBF115F9}.Debug|x64.Build.0 = Debug|Any CPU
		{24386779-0989-48FB-8221-619BCBF115F9}.Debug|x86.ActiveCfg = Debug|Any CPU
		{24386779-0989-48FB-8221-619BCBF115F9}.Debug|x86.Build.0 = Debug|Any CPU
		{24386779-0989-48FB-8221-619BCBF115F9}.Release|Any CPU.ActiveCfg = Release|Any CPU
		{24386779-0989-48FB-8221-619BCBF115F9}.Release|Any CPU.Build.0 = Release|Any CPU
		{24386779-0989-48FB-8221-619BCBF115F9}.Release|x64.ActiveCfg = Release|Any CPU
		{24386779-0989-48FB-8221-619BCBF115F9}.Release|x64.Build.0 = Release|Any CPU
		{24386779-0989-48FB-8221-619BCBF115F9}.Release|x86.ActiveCfg = Release|Any CPU
		{24386779-0989-48FB-8221-619BCBF115F9}.Release|x86.Build.0 = Release|Any CPU
		{9F50629F-D6BA-4FF6-A707-D0FCFC7C9F20}.Debug|Any CPU.ActiveCfg = Debug|Any CPU
		{9F50629F-D6BA-4FF6-A707-D0FCFC7C9F20}.Debug|Any CPU.Build.0 = Debug|Any CPU
		{9F50629F-D6BA-4FF6-A707-D0FCFC7C9F20}.Debug|x64.ActiveCfg = Debug|Any CPU
		{9F50629F-D6BA-4FF6-A707-D0FCFC7C9F20}.Debug|x64.Build.0 = Debug|Any CPU
		{9F50629F-D6BA-4FF6-A707-D0FCFC7C9F20}.Debug|x86.ActiveCfg = Debug|Any CPU
		{9F50629F-D6BA-4FF6-A707-D0FCFC7C9F20}.Debug|x86.Build.0 = Debug|Any CPU
		{9F50629F-D6BA-4FF6-A707-D0FCFC7C9F20}.Release|Any CPU.ActiveCfg = Release|Any CPU
		{9F50629F-D6BA-4FF6-A707-D0FCFC7C9F20}.Release|Any CPU.Build.0 = Release|Any CPU
		{9F50629F-D6BA-4FF6-A707-D0FCFC7C9F20}.Release|x64.ActiveCfg = Release|Any CPU
		{9F50629F-D6BA-4FF6-A707-D0FCFC7C9F20}.Release|x64.Build.0 = Release|Any CPU
		{9F50629F-D6BA-4FF6-A707-D0FCFC7C9F20}.Release|x86.ActiveCfg = Release|Any CPU
		{9F50629F-D6BA-4FF6-A707-D0FCFC7C9F20}.Release|x86.Build.0 = Release|Any CPU
		{8109873F-C2FA-4DD9-8E1C-914B57F3AF1D}.Debug|Any CPU.ActiveCfg = Debug|Any CPU
		{8109873F-C2FA-4DD9-8E1C-914B57F3AF1D}.Debug|Any CPU.Build.0 = Debug|Any CPU
		{8109873F-C2FA-4DD9-8E1C-914B57F3AF1D}.Debug|x64.ActiveCfg = Debug|Any CPU
		{8109873F-C2FA-4DD9-8E1C-914B57F3AF1D}.Debug|x64.Build.0 = Debug|Any CPU
		{8109873F-C2FA-4DD9-8E1C-914B57F3AF1D}.Debug|x86.ActiveCfg = Debug|Any CPU
		{8109873F-C2FA-4DD9-8E1C-914B57F3AF1D}.Debug|x86.Build.0 = Debug|Any CPU
		{8109873F-C2FA-4DD9-8E1C-914B57F3AF1D}.Release|Any CPU.ActiveCfg = Release|Any CPU
		{8109873F-C2FA-4DD9-8E1C-914B57F3AF1D}.Release|Any CPU.Build.0 = Release|Any CPU
		{8109873F-C2FA-4DD9-8E1C-914B57F3AF1D}.Release|x64.ActiveCfg = Release|Any CPU
		{8109873F-C2FA-4DD9-8E1C-914B57F3AF1D}.Release|x64.Build.0 = Release|Any CPU
		{8109873F-C2FA-4DD9-8E1C-914B57F3AF1D}.Release|x86.ActiveCfg = Release|Any CPU
		{8109873F-C2FA-4DD9-8E1C-914B57F3AF1D}.Release|x86.Build.0 = Release|Any CPU
		{CC738ED7-B0F3-4367-82D9-CC21F7923686}.Debug|Any CPU.ActiveCfg = Debug|Any CPU
		{CC738ED7-B0F3-4367-82D9-CC21F7923686}.Debug|Any CPU.Build.0 = Debug|Any CPU
		{CC738ED7-B0F3-4367-82D9-CC21F7923686}.Debug|x64.ActiveCfg = Debug|Any CPU
		{CC738ED7-B0F3-4367-82D9-CC21F7923686}.Debug|x64.Build.0 = Debug|Any CPU
		{CC738ED7-B0F3-4367-82D9-CC21F7923686}.Debug|x86.ActiveCfg = Debug|Any CPU
		{CC738ED7-B0F3-4367-82D9-CC21F7923686}.Debug|x86.Build.0 = Debug|Any CPU
		{CC738ED7-B0F3-4367-82D9-CC21F7923686}.Release|Any CPU.ActiveCfg = Release|Any CPU
		{CC738ED7-B0F3-4367-82D9-CC21F7923686}.Release|Any CPU.Build.0 = Release|Any CPU
		{CC738ED7-B0F3-4367-82D9-CC21F7923686}.Release|x64.ActiveCfg = Release|Any CPU
		{CC738ED7-B0F3-4367-82D9-CC21F7923686}.Release|x64.Build.0 = Release|Any CPU
		{CC738ED7-B0F3-4367-82D9-CC21F7923686}.Release|x86.ActiveCfg = Release|Any CPU
		{CC738ED7-B0F3-4367-82D9-CC21F7923686}.Release|x86.Build.0 = Release|Any CPU
		{F1732EBC-2D98-4085-A90B-D8731B9EDA8E}.Debug|Any CPU.ActiveCfg = Debug|Any CPU
		{F1732EBC-2D98-4085-A90B-D8731B9EDA8E}.Debug|Any CPU.Build.0 = Debug|Any CPU
		{F1732EBC-2D98-4085-A90B-D8731B9EDA8E}.Debug|x64.ActiveCfg = Debug|Any CPU
		{F1732EBC-2D98-4085-A90B-D8731B9EDA8E}.Debug|x64.Build.0 = Debug|Any CPU
		{F1732EBC-2D98-4085-A90B-D8731B9EDA8E}.Debug|x86.ActiveCfg = Debug|Any CPU
		{F1732EBC-2D98-4085-A90B-D8731B9EDA8E}.Debug|x86.Build.0 = Debug|Any CPU
		{F1732EBC-2D98-4085-A90B-D8731B9EDA8E}.Release|Any CPU.ActiveCfg = Release|Any CPU
		{F1732EBC-2D98-4085-A90B-D8731B9EDA8E}.Release|Any CPU.Build.0 = Release|Any CPU
		{F1732EBC-2D98-4085-A90B-D8731B9EDA8E}.Release|x64.ActiveCfg = Release|Any CPU
		{F1732EBC-2D98-4085-A90B-D8731B9EDA8E}.Release|x64.Build.0 = Release|Any CPU
		{F1732EBC-2D98-4085-A90B-D8731B9EDA8E}.Release|x86.ActiveCfg = Release|Any CPU
		{F1732EBC-2D98-4085-A90B-D8731B9EDA8E}.Release|x86.Build.0 = Release|Any CPU
		{C95154D3-6F39-47E3-B8A1-5DBDCFDEA95F}.Debug|Any CPU.ActiveCfg = Debug|Any CPU
		{C95154D3-6F39-47E3-B8A1-5DBDCFDEA95F}.Debug|Any CPU.Build.0 = Debug|Any CPU
		{C95154D3-6F39-47E3-B8A1-5DBDCFDEA95F}.Debug|x64.ActiveCfg = Debug|Any CPU
		{C95154D3-6F39-47E3-B8A1-5DBDCFDEA95F}.Debug|x64.Build.0 = Debug|Any CPU
		{C95154D3-6F39-47E3-B8A1-5DBDCFDEA95F}.Debug|x86.ActiveCfg = Debug|Any CPU
		{C95154D3-6F39-47E3-B8A1-5DBDCFDEA95F}.Debug|x86.Build.0 = Debug|Any CPU
		{C95154D3-6F39-47E3-B8A1-5DBDCFDEA95F}.Release|Any CPU.ActiveCfg = Release|Any CPU
		{C95154D3-6F39-47E3-B8A1-5DBDCFDEA95F}.Release|Any CPU.Build.0 = Release|Any CPU
		{C95154D3-6F39-47E3-B8A1-5DBDCFDEA95F}.Release|x64.ActiveCfg = Release|Any CPU
		{C95154D3-6F39-47E3-B8A1-5DBDCFDEA95F}.Release|x64.Build.0 = Release|Any CPU
		{C95154D3-6F39-47E3-B8A1-5DBDCFDEA95F}.Release|x86.ActiveCfg = Release|Any CPU
		{C95154D3-6F39-47E3-B8A1-5DBDCFDEA95F}.Release|x86.Build.0 = Release|Any CPU
		{DEF35CF0-A4BD-43B0-93D4-E0C09F798AF1}.Debug|Any CPU.ActiveCfg = Debug|Any CPU
		{DEF35CF0-A4BD-43B0-93D4-E0C09F798AF1}.Debug|Any CPU.Build.0 = Debug|Any CPU
		{DEF35CF0-A4BD-43B0-93D4-E0C09F798AF1}.Debug|x64.ActiveCfg = Debug|Any CPU
		{DEF35CF0-A4BD-43B0-93D4-E0C09F798AF1}.Debug|x64.Build.0 = Debug|Any CPU
		{DEF35CF0-A4BD-43B0-93D4-E0C09F798AF1}.Debug|x86.ActiveCfg = Debug|Any CPU
		{DEF35CF0-A4BD-43B0-93D4-E0C09F798AF1}.Debug|x86.Build.0 = Debug|Any CPU
		{DEF35CF0-A4BD-43B0-93D4-E0C09F798AF1}.Release|Any CPU.ActiveCfg = Release|Any CPU
		{DEF35CF0-A4BD-43B0-93D4-E0C09F798AF1}.Release|Any CPU.Build.0 = Release|Any CPU
		{DEF35CF0-A4BD-43B0-93D4-E0C09F798AF1}.Release|x64.ActiveCfg = Release|Any CPU
		{DEF35CF0-A4BD-43B0-93D4-E0C09F798AF1}.Release|x64.Build.0 = Release|Any CPU
		{DEF35CF0-A4BD-43B0-93D4-E0C09F798AF1}.Release|x86.ActiveCfg = Release|Any CPU
		{DEF35CF0-A4BD-43B0-93D4-E0C09F798AF1}.Release|x86.Build.0 = Release|Any CPU
		{E47109F6-299B-4B5A-9689-A41B9AAC9FE4}.Debug|Any CPU.ActiveCfg = Debug|Any CPU
		{E47109F6-299B-4B5A-9689-A41B9AAC9FE4}.Debug|Any CPU.Build.0 = Debug|Any CPU
		{E47109F6-299B-4B5A-9689-A41B9AAC9FE4}.Debug|x64.ActiveCfg = Debug|Any CPU
		{E47109F6-299B-4B5A-9689-A41B9AAC9FE4}.Debug|x64.Build.0 = Debug|Any CPU
		{E47109F6-299B-4B5A-9689-A41B9AAC9FE4}.Debug|x86.ActiveCfg = Debug|Any CPU
		{E47109F6-299B-4B5A-9689-A41B9AAC9FE4}.Debug|x86.Build.0 = Debug|Any CPU
		{E47109F6-299B-4B5A-9689-A41B9AAC9FE4}.Release|Any CPU.ActiveCfg = Release|Any CPU
		{E47109F6-299B-4B5A-9689-A41B9AAC9FE4}.Release|Any CPU.Build.0 = Release|Any CPU
		{E47109F6-299B-4B5A-9689-A41B9AAC9FE4}.Release|x64.ActiveCfg = Release|Any CPU
		{E47109F6-299B-4B5A-9689-A41B9AAC9FE4}.Release|x64.Build.0 = Release|Any CPU
		{E47109F6-299B-4B5A-9689-A41B9AAC9FE4}.Release|x86.ActiveCfg = Release|Any CPU
		{E47109F6-299B-4B5A-9689-A41B9AAC9FE4}.Release|x86.Build.0 = Release|Any CPU
	EndGlobalSection
	GlobalSection(SolutionProperties) = preSolution
		HideSolutionNode = FALSE
	EndGlobalSection
	GlobalSection(NestedProjects) = preSolution
		{90298CBA-BD6F-3A0A-69D5-97CAD7B05E7E} = {827E0CD3-B72D-47B6-A68D-7590B98EB39B}
		{FBCBFB16-281E-4934-B274-3A2A684744EA} = {90298CBA-BD6F-3A0A-69D5-97CAD7B05E7E}
		{E6089152-9E21-42BC-A4E8-F992E5224757} = {90298CBA-BD6F-3A0A-69D5-97CAD7B05E7E}
		{8F6CFA2C-4F80-43BD-8942-DACC9086EEF4} = {90298CBA-BD6F-3A0A-69D5-97CAD7B05E7E}
		{9649D637-FEC8-4FA4-B21F-DED42BDEA688} = {90298CBA-BD6F-3A0A-69D5-97CAD7B05E7E}
		{EC447DCF-ABFA-6E24-52A5-D7FD48A5C558} = {827E0CD3-B72D-47B6-A68D-7590B98EB39B}
		{4CB6940A-8DC2-EB53-204F-2C1D4B30062C} = {EC447DCF-ABFA-6E24-52A5-D7FD48A5C558}
		{02CC7951-0CDC-4459-824B-76A5697CCE6F} = {4CB6940A-8DC2-EB53-204F-2C1D4B30062C}
		{849001BB-F8EA-4DDF-B2A7-4E6F7EFBA2E4} = {4CB6940A-8DC2-EB53-204F-2C1D4B30062C}
		{B328C579-BF93-48A8-B45A-9780F8E6067A} = {4CB6940A-8DC2-EB53-204F-2C1D4B30062C}
		{B5BDEEEF-C175-425A-A47E-3B862F75C5A8} = {4CB6940A-8DC2-EB53-204F-2C1D4B30062C}
		{1E1EF545-4C18-AEE2-B997-7EF431518D3F} = {EC447DCF-ABFA-6E24-52A5-D7FD48A5C558}
		{13348191-E755-41AA-AA2E-A30B543CA3DB} = {1E1EF545-4C18-AEE2-B997-7EF431518D3F}
		{0BE038BA-83B8-4EF9-8092-F857B8669AAD} = {1E1EF545-4C18-AEE2-B997-7EF431518D3F}
		{49624970-2025-4EF8-BA0D-68D060992486} = {1E1EF545-4C18-AEE2-B997-7EF431518D3F}
		{8EF62B52-4C31-48C4-93F3-2E2744363D1C} = {1E1EF545-4C18-AEE2-B997-7EF431518D3F}
		{75CCF984-CC24-0CB6-2FE4-5CB2D9F94FE4} = {EC447DCF-ABFA-6E24-52A5-D7FD48A5C558}
		{7EA1A046-0C9E-4E01-9D27-5483D6C52383} = {75CCF984-CC24-0CB6-2FE4-5CB2D9F94FE4}
		{D6C35DAF-F50D-4B9D-871C-0013D8147DD2} = {75CCF984-CC24-0CB6-2FE4-5CB2D9F94FE4}
		{64A95D64-76BC-4AA5-80AF-E54F2C5F30D4} = {75CCF984-CC24-0CB6-2FE4-5CB2D9F94FE4}
		{C9E5D850-3B7C-4F8D-859A-BC82AA7D7A1F} = {75CCF984-CC24-0CB6-2FE4-5CB2D9F94FE4}
		{0EC62A1A-9858-3A60-8A0C-FC9AACFA2EC7} = {EC447DCF-ABFA-6E24-52A5-D7FD48A5C558}
		{B15A1EFE-B8EC-4D1A-B612-480F7741B049} = {0EC62A1A-9858-3A60-8A0C-FC9AACFA2EC7}
		{8685FD16-4202-46EC-B344-8BEBCFD91753} = {0EC62A1A-9858-3A60-8A0C-FC9AACFA2EC7}
		{C2DABDDF-EDCD-46F2-AC19-9E1994D817D2} = {0EC62A1A-9858-3A60-8A0C-FC9AACFA2EC7}
		{513BBECD-4FF9-4C12-BCB6-2A57EC56CE3F} = {0EC62A1A-9858-3A60-8A0C-FC9AACFA2EC7}
		{18C073E0-6CB1-4693-3636-BFEE619A6192} = {EC447DCF-ABFA-6E24-52A5-D7FD48A5C558}
		{B79224E2-25D2-42E0-9038-BA2AD037714B} = {18C073E0-6CB1-4693-3636-BFEE619A6192}
		{16EB04C3-B1D7-4B02-932C-9CC352DC9E0D} = {18C073E0-6CB1-4693-3636-BFEE619A6192}
		{A340FCEF-D5BB-490A-88A2-423AE8CDAD1F} = {18C073E0-6CB1-4693-3636-BFEE619A6192}
		{FDEF2AFE-DA1A-43A2-A271-CC094CB55421} = {18C073E0-6CB1-4693-3636-BFEE619A6192}
		{1652FDBE-FD70-10D2-8806-7EAA51A58284} = {EC447DCF-ABFA-6E24-52A5-D7FD48A5C558}
		{23657864-D51A-4152-9822-E47634198130} = {1652FDBE-FD70-10D2-8806-7EAA51A58284}
		{23F061F5-9990-4400-BFC2-CE5324EE053E} = {1652FDBE-FD70-10D2-8806-7EAA51A58284}
		{62EA45E3-84DB-4577-8A1B-4BA9EF52DE4C} = {1652FDBE-FD70-10D2-8806-7EAA51A58284}
		{3528224A-74E2-4A04-A546-7C805C083A6C} = {1652FDBE-FD70-10D2-8806-7EAA51A58284}
		{486050DE-C6A4-B1E8-2B12-E91E5BE99E3F} = {EC447DCF-ABFA-6E24-52A5-D7FD48A5C558}
		{CBF74B3F-0CEF-43ED-937B-0E9D5DC7C3C1} = {486050DE-C6A4-B1E8-2B12-E91E5BE99E3F}
		{C374DEF3-A511-48FA-AB39-4EFD55D7A049} = {486050DE-C6A4-B1E8-2B12-E91E5BE99E3F}
		{9D5FC4D5-AE92-4505-8B6A-DB350969201B} = {486050DE-C6A4-B1E8-2B12-E91E5BE99E3F}
		{F2520B14-79EF-41E2-BE2A-E6A474A39064} = {486050DE-C6A4-B1E8-2B12-E91E5BE99E3F}
		{0E5ACBDB-98CB-3580-2E15-6C2EE2523990} = {EC447DCF-ABFA-6E24-52A5-D7FD48A5C558}
		{DCF2A43E-66D0-4D38-A2E8-059F310D5774} = {0E5ACBDB-98CB-3580-2E15-6C2EE2523990}
		{D59D4CC7-7958-4160-882A-6CB109AFD4DF} = {0E5ACBDB-98CB-3580-2E15-6C2EE2523990}
		{6E168C8E-3F59-43C8-8C31-2212C4D1BC56} = {0E5ACBDB-98CB-3580-2E15-6C2EE2523990}
		{85FBBB8E-6809-4DD4-8AB1-7FDC8FAE6EB1} = {0E5ACBDB-98CB-3580-2E15-6C2EE2523990}
		{9C9E1A83-F2C2-4933-8C63-5A98290E9932} = {827E0CD3-B72D-47B6-A68D-7590B98EB39B}
		{24386779-0989-48FB-8221-619BCBF115F9} = {0AB3BF05-4346-4AA6-1389-037BE0695223}
		{9F50629F-D6BA-4FF6-A707-D0FCFC7C9F20} = {0AB3BF05-4346-4AA6-1389-037BE0695223}
		{8109873F-C2FA-4DD9-8E1C-914B57F3AF1D} = {0AB3BF05-4346-4AA6-1389-037BE0695223}
		{CC738ED7-B0F3-4367-82D9-CC21F7923686} = {0AB3BF05-4346-4AA6-1389-037BE0695223}
		{F1732EBC-2D98-4085-A90B-D8731B9EDA8E} = {0AB3BF05-4346-4AA6-1389-037BE0695223}
		{C95154D3-6F39-47E3-B8A1-5DBDCFDEA95F} = {07C2787E-EAC7-C090-1BA3-A61EC2A24D84}
		{DEF35CF0-A4BD-43B0-93D4-E0C09F798AF1} = {66320409-64EC-F7C5-3DEF-65E7510DAAD1}
		{E47109F6-299B-4B5A-9689-A41B9AAC9FE4} = {0AB3BF05-4346-4AA6-1389-037BE0695223}
	EndGlobalSection
EndGlobal
